{
  "name": "script",
  "version": "1.0.0",
  "lockfileVersion": 1,
  "requires": true,
  "dependencies": {
    "@prisma/cli": {
      "version": "2.0.0-beta.1",
      "resolved": "https://registry.npmjs.org/@prisma/cli/-/cli-2.0.0-beta.1.tgz",
      "integrity": "sha512-uMCthsNkLCmQiPs6veMdqT/Y4RWRbn8Y0GAfqvg+qStene6Pqid7DTrdN7hC+VYlY7Ok5Fxcb6oBis1jsOO7pQ==",
      "dev": true
    },
    "@prisma/client": {
      "version": "2.0.0-beta.1",
      "resolved": "https://registry.npmjs.org/@prisma/client/-/client-2.0.0-beta.1.tgz",
      "integrity": "sha512-4uRHUJs/RGc517wLZPrr9ZRq/NbUoPrX4Pa8mb4wIluJMxk4d1raE0O2/LBM5EcVH0RaoIA+dffTvPGfI3by+g=="
    }
  }
}
